
Microsoft Visual Studio Solution File, Format Version 12.00
# Visual Studio 15
VisualStudioVersion = 15.0.27004.2006
MinimumVisualStudioVersion = 10.0.40219.1
Project("{FAE04EC0-301F-11D3-BF4B-00C04F79EFBC}") = "Lab10Alt", "Lab10Alt\Lab10Alt.csproj", "{C81B9B92-8CA1-4086-A063-83E37082051E}"
EndProject
Project("{2150E333-8FDC-42A3-9474-1A3956D46DE8}") = "Solution Items", "Solution Items", "{72BC0E0B-1420-432D-A2D3-66765D02E7EF}"
	ProjectSection(SolutionItems) = preProject
		.gitignore = .gitignore
	EndProjectSection
EndProject
Global
	GlobalSection(SolutionConfigurationPlatforms) = preSolution
		Debug|Any CPU = Debug|Any CPU
		Release|Any CPU = Release|Any CPU
	EndGlobalSection
	GlobalSection(ProjectConfigurationPlatforms) = postSolution
		{C81B9B92-8CA1-4086-A063-83E37082051E}.Debug|Any CPU.ActiveCfg = Debug|Any CPU
		{C81B9B92-8CA1-4086-A063-83E37082051E}.Debug|Any CPU.Build.0 = Debug|Any CPU
		{C81B9B92-8CA1-4086-A063-83E37082051E}.Release|Any CPU.ActiveCfg = Release|Any CPU
		{C81B9B92-8CA1-4086-A063-83E37082051E}.Release|Any CPU.Build.0 = Release|Any CPU
	EndGlobalSection
	GlobalSection(SolutionProperties) = preSolution
		HideSolutionNode = FALSE
	EndGlobalSection
	GlobalSection(ExtensibilityGlobals) = postSolution
		SolutionGuid = {79416BB6-E91C-4344-A63C-46180C0FAF45}
	EndGlobalSection
EndGlobal
